{
  "name": "rumrunner-example",
  "version": "1.0.0",
  "lockfileVersion": 1,
  "requires": true,
  "dependencies": {
    "moment": {
      "version": "2.24.0",
      "resolved": "https://registry.npmjs.org/moment/-/moment-2.24.0.tgz",
      "integrity": "sha512-bV7f+6l2QigeBBZSM/6yTNq4P2fNpSWj/0e7jQcy87A8e7o2nAfP/34/2ky5Vw4B9S446EtIhodAzkFCcR4dQg=="
    },
    "moment-timezone": {
      "version": "0.5.27",
      "resolved": "https://registry.npmjs.org/moment-timezone/-/moment-timezone-0.5.27.tgz",
      "integrity": "sha512-EIKQs7h5sAsjhPCqN6ggx6cEbs94GK050254TIJySD1bzoM5JTYDwAU1IoVOeTOL6Gm27kYJ51/uuvq1kIlrbw==",
      "requires": {
        "moment": ">= 2.9.0"
      }
    }
  }
}
